// !$*UTF8*$!
{
	archiveVersion = 1;
	classes = {
	};
	objectVersion = 50;
	objects = {

/* Begin PBXBuildFile section */
		5B54A4F6262FD95C00981640 /* ArticleDetailTableViewController.swift in Sources */ = {isa = PBXBuildFile; fileRef = 5B54A4F4262FD95C00981640 /* ArticleDetailTableViewController.swift */; };
		5B54A4F7262FD95C00981640 /* ArticleDetailTableViewController.xib in Resources */ = {isa = PBXBuildFile; fileRef = 5B54A4F5262FD95C00981640 /* ArticleDetailTableViewController.xib */; };
		5B54A505262FDA1100981640 /* TitleSubTitleTableViewCell.swift in Sources */ = {isa = PBXBuildFile; fileRef = 5B54A503262FDA1100981640 /* TitleSubTitleTableViewCell.swift */; };
		5B54A506262FDA1100981640 /* TitleSubTitleTableViewCell.xib in Resources */ = {isa = PBXBuildFile; fileRef = 5B54A504262FDA1100981640 /* TitleSubTitleTableViewCell.xib */; };
		5B54A50C262FDD0700981640 /* ImageTableViewCell.swift in Sources */ = {isa = PBXBuildFile; fileRef = 5B54A50A262FDD0700981640 /* ImageTableViewCell.swift */; };
		5B54A50D262FDD0700981640 /* ImageTableViewCell.xib in Resources */ = {isa = PBXBuildFile; fileRef = 5B54A50B262FDD0700981640 /* ImageTableViewCell.xib */; };
		5B54A513262FDEEA00981640 /* DetailsTableViewCell.swift in Sources */ = {isa = PBXBuildFile; fileRef = 5B54A511262FDEEA00981640 /* DetailsTableViewCell.swift */; };
		5B54A514262FDEEA00981640 /* DetailsTableViewCell.xib in Resources */ = {isa = PBXBuildFile; fileRef = 5B54A512262FDEEA00981640 /* DetailsTableViewCell.xib */; };
		5B54A51A262FE27300981640 /* TextTableViewCell.swift in Sources */ = {isa = PBXBuildFile; fileRef = 5B54A518262FE27300981640 /* TextTableViewCell.swift */; };
		5B54A51B262FE27300981640 /* TextTableViewCell.xib in Resources */ = {isa = PBXBuildFile; fileRef = 5B54A519262FE27300981640 /* TextTableViewCell.xib */; };
		5B54A523263010DA00981640 /* ArticleDetailsProtocols.swift in Sources */ = {isa = PBXBuildFile; fileRef = 5B54A522263010DA00981640 /* ArticleDetailsProtocols.swift */; };
		5B54A52B263011A100981640 /* ArticleDetailsPresenter.swift in Sources */ = {isa = PBXBuildFile; fileRef = 5B54A52A263011A100981640 /* ArticleDetailsPresenter.swift */; };
		5B54A5302630121A00981640 /* ArticleDetailsIntereactor.swift in Sources */ = {isa = PBXBuildFile; fileRef = 5B54A52F2630121A00981640 /* ArticleDetailsIntereactor.swift */; };
		5B54A544263012F800981640 /* ArticleDetailsRouter.swift in Sources */ = {isa = PBXBuildFile; fileRef = 5B54A543263012F800981640 /* ArticleDetailsRouter.swift */; };
		5B7595B6262DE89700739D9F /* AppDelegate.swift in Sources */ = {isa = PBXBuildFile; fileRef = 5B7595B5262DE89700739D9F /* AppDelegate.swift */; };
		5B7595B8262DE89700739D9F /* SceneDelegate.swift in Sources */ = {isa = PBXBuildFile; fileRef = 5B7595B7262DE89700739D9F /* SceneDelegate.swift */; };
		5B7595BA262DE89700739D9F /* ViewController.swift in Sources */ = {isa = PBXBuildFile; fileRef = 5B7595B9262DE89700739D9F /* ViewController.swift */; };
		5B7595BD262DE89700739D9F /* Main.storyboard in Resources */ = {isa = PBXBuildFile; fileRef = 5B7595BB262DE89700739D9F /* Main.storyboard */; };
		5B7595C0262DE89700739D9F /* NewsBrief.xcdatamodeld in Sources */ = {isa = PBXBuildFile; fileRef = 5B7595BE262DE89700739D9F /* NewsBrief.xcdatamodeld */; };
		5B7595C2262DE89A00739D9F /* Assets.xcassets in Resources */ = {isa = PBXBuildFile; fileRef = 5B7595C1262DE89A00739D9F /* Assets.xcassets */; };
		5B7595C5262DE89A00739D9F /* LaunchScreen.storyboard in Resources */ = {isa = PBXBuildFile; fileRef = 5B7595C3262DE89A00739D9F /* LaunchScreen.storyboard */; };
		5B7595D0262DE89A00739D9F /* NewsBriefTests.swift in Sources */ = {isa = PBXBuildFile; fileRef = 5B7595CF262DE89A00739D9F /* NewsBriefTests.swift */; };
		5B7595DB262DE89A00739D9F /* NewsBriefUITests.swift in Sources */ = {isa = PBXBuildFile; fileRef = 5B7595DA262DE89A00739D9F /* NewsBriefUITests.swift */; };
		5B89D495262F2F0600B0B369 /* Article.swift in Sources */ = {isa = PBXBuildFile; fileRef = 5B89D494262F2F0600B0B369 /* Article.swift */; };
		5B8F760F262EBAC300A467A8 /* ArticleFileManager.swift in Sources */ = {isa = PBXBuildFile; fileRef = 5B8F760E262EBAC300A467A8 /* ArticleFileManager.swift */; };
		5BBF1435262E935000A8F0A9 /* ArticleListTableViewController.swift in Sources */ = {isa = PBXBuildFile; fileRef = 5BBF1434262E935000A8F0A9 /* ArticleListTableViewController.swift */; };
		5BBF1442262E94B100A8F0A9 /* ArticleListRouter.swift in Sources */ = {isa = PBXBuildFile; fileRef = 5BBF1441262E94B100A8F0A9 /* ArticleListRouter.swift */; };
		5BBF144E262E96CB00A8F0A9 /* ArticleListInteractor.swift in Sources */ = {isa = PBXBuildFile; fileRef = 5BBF144D262E96CB00A8F0A9 /* ArticleListInteractor.swift */; };
		5BBF1453262E971E00A8F0A9 /* ArticleListProtocols.swift in Sources */ = {isa = PBXBuildFile; fileRef = 5BBF1452262E971E00A8F0A9 /* ArticleListProtocols.swift */; };
		5BBF1460262E979500A8F0A9 /* ArticleListPresenter.swift in Sources */ = {isa = PBXBuildFile; fileRef = 5BBF145F262E979500A8F0A9 /* ArticleListPresenter.swift */; };
		5BBF1469262E983700A8F0A9 /* Request.swift in Sources */ = {isa = PBXBuildFile; fileRef = 5BBF1468262E983700A8F0A9 /* Request.swift */; };
		5BBF1472262E986C00A8F0A9 /* Environment.swift in Sources */ = {isa = PBXBuildFile; fileRef = 5BBF1471262E986C00A8F0A9 /* Environment.swift */; };
		5BBF1477262E989100A8F0A9 /* Response.swift in Sources */ = {isa = PBXBuildFile; fileRef = 5BBF1476262E989100A8F0A9 /* Response.swift */; };
		5BBF147C262E98BA00A8F0A9 /* NetworkDispatcher.swift in Sources */ = {isa = PBXBuildFile; fileRef = 5BBF147B262E98BA00A8F0A9 /* NetworkDispatcher.swift */; };
		5BBF1481262E98D400A8F0A9 /* UserRequests.swift in Sources */ = {isa = PBXBuildFile; fileRef = 5BBF1480262E98D400A8F0A9 /* UserRequests.swift */; };
		5BBF1486262E992000A8F0A9 /* GetArticleDetailsTask.swift in Sources */ = {isa = PBXBuildFile; fileRef = 5BBF1485262E992000A8F0A9 /* GetArticleDetailsTask.swift */; };
		5BBF148B262E997800A8F0A9 /* DownloadAttachmentDataTask.swift in Sources */ = {isa = PBXBuildFile; fileRef = 5BBF148A262E997800A8F0A9 /* DownloadAttachmentDataTask.swift */; };
		5BBF1490262E999600A8F0A9 /* Task.swift in Sources */ = {isa = PBXBuildFile; fileRef = 5BBF148F262E999600A8F0A9 /* Task.swift */; };
		5BBF1495262E99C600A8F0A9 /* NetworkReachabilityManager.swift in Sources */ = {isa = PBXBuildFile; fileRef = 5BBF1494262E99C600A8F0A9 /* NetworkReachabilityManager.swift */; };
		5BBF149E262E9BAE00A8F0A9 /* Constants.swift in Sources */ = {isa = PBXBuildFile; fileRef = 5BBF149D262E9BAE00A8F0A9 /* Constants.swift */; };
		5BBF14AA262E9C0000A8F0A9 /* UIViewController+Extensions.swift in Sources */ = {isa = PBXBuildFile; fileRef = 5BBF14A9262E9C0000A8F0A9 /* UIViewController+Extensions.swift */; };
		5BBF14AF262E9C1F00A8F0A9 /* String+Extension.swift in Sources */ = {isa = PBXBuildFile; fileRef = 5BBF14AE262E9C1F00A8F0A9 /* String+Extension.swift */; };
		5BBF14B4262E9C5000A8F0A9 /* LoadingIndicator.swift in Sources */ = {isa = PBXBuildFile; fileRef = 5BBF14B3262E9C5000A8F0A9 /* LoadingIndicator.swift */; };
		5BBF14B9262E9C7F00A8F0A9 /* UITableView+Extension.swift in Sources */ = {isa = PBXBuildFile; fileRef = 5BBF14B8262E9C7F00A8F0A9 /* UITableView+Extension.swift */; };
		5BBF14C1262E9D2D00A8F0A9 /* ArticleModel.swift in Sources */ = {isa = PBXBuildFile; fileRef = 5BBF14C0262E9D2D00A8F0A9 /* ArticleModel.swift */; };
		5BBF14C6262E9D8000A8F0A9 /* Date+Extension.swift in Sources */ = {isa = PBXBuildFile; fileRef = 5BBF14C5262E9D8000A8F0A9 /* Date+Extension.swift */; };
		5BBF14D3262EA86000A8F0A9 /* ArticleListTableViewCell.swift in Sources */ = {isa = PBXBuildFile; fileRef = 5BBF14D1262EA86000A8F0A9 /* ArticleListTableViewCell.swift */; };
		5BBF14D4262EA86000A8F0A9 /* ArticleListTableViewCell.xib in Resources */ = {isa = PBXBuildFile; fileRef = 5BBF14D2262EA86000A8F0A9 /* ArticleListTableViewCell.xib */; };
		5BCA576226304C800052DFC8 /* GetArticleMetaTask.swift in Sources */ = {isa = PBXBuildFile; fileRef = 5BCA576126304C800052DFC8 /* GetArticleMetaTask.swift */; };
		5BCA5767263052280052DFC8 /* ArticleMeta.swift in Sources */ = {isa = PBXBuildFile; fileRef = 5BCA5766263052280052DFC8 /* ArticleMeta.swift */; };
		5BCA576C263071140052DFC8 /* NewsArticle.swift in Sources */ = {isa = PBXBuildFile; fileRef = 5BCA576B263071140052DFC8 /* NewsArticle.swift */; };
		5BCA57742630717D0052DFC8 /* DatabaseManager.swift in Sources */ = {isa = PBXBuildFile; fileRef = 5BCA57732630717D0052DFC8 /* DatabaseManager.swift */; };
/* End PBXBuildFile section */

/* Begin PBXContainerItemProxy section */
		5B7595CC262DE89A00739D9F /* PBXContainerItemProxy */ = {
			isa = PBXContainerItemProxy;
			containerPortal = 5B7595AA262DE89700739D9F /* Project object */;
			proxyType = 1;
			remoteGlobalIDString = 5B7595B1262DE89700739D9F;
			remoteInfo = NewsBrief;
		};
		5B7595D7262DE89A00739D9F /* PBXContainerItemProxy */ = {
			isa = PBXContainerItemProxy;
			containerPortal = 5B7595AA262DE89700739D9F /* Project object */;
			proxyType = 1;
			remoteGlobalIDString = 5B7595B1262DE89700739D9F;
			remoteInfo = NewsBrief;
		};
/* End PBXContainerItemProxy section */

/* Begin PBXFileReference section */
		5B54A4F4262FD95C00981640 /* ArticleDetailTableViewController.swift */ = {isa = PBXFileReference; lastKnownFileType = sourcecode.swift; path = ArticleDetailTableViewController.swift; sourceTree = "<group>"; };
		5B54A4F5262FD95C00981640 /* ArticleDetailTableViewController.xib */ = {isa = PBXFileReference; lastKnownFileType = file.xib; path = ArticleDetailTableViewController.xib; sourceTree = "<group>"; };
		5B54A503262FDA1100981640 /* TitleSubTitleTableViewCell.swift */ = {isa = PBXFileReference; lastKnownFileType = sourcecode.swift; path = TitleSubTitleTableViewCell.swift; sourceTree = "<group>"; };
		5B54A504262FDA1100981640 /* TitleSubTitleTableViewCell.xib */ = {isa = PBXFileReference; lastKnownFileType = file.xib; path = TitleSubTitleTableViewCell.xib; sourceTree = "<group>"; };
		5B54A50A262FDD0700981640 /* ImageTableViewCell.swift */ = {isa = PBXFileReference; lastKnownFileType = sourcecode.swift; path = ImageTableViewCell.swift; sourceTree = "<group>"; };
		5B54A50B262FDD0700981640 /* ImageTableViewCell.xib */ = {isa = PBXFileReference; lastKnownFileType = file.xib; path = ImageTableViewCell.xib; sourceTree = "<group>"; };
		5B54A511262FDEEA00981640 /* DetailsTableViewCell.swift */ = {isa = PBXFileReference; lastKnownFileType = sourcecode.swift; path = DetailsTableViewCell.swift; sourceTree = "<group>"; };
		5B54A512262FDEEA00981640 /* DetailsTableViewCell.xib */ = {isa = PBXFileReference; lastKnownFileType = file.xib; path = DetailsTableViewCell.xib; sourceTree = "<group>"; };
		5B54A518262FE27300981640 /* TextTableViewCell.swift */ = {isa = PBXFileReference; lastKnownFileType = sourcecode.swift; path = TextTableViewCell.swift; sourceTree = "<group>"; };
		5B54A519262FE27300981640 /* TextTableViewCell.xib */ = {isa = PBXFileReference; lastKnownFileType = file.xib; path = TextTableViewCell.xib; sourceTree = "<group>"; };
		5B54A522263010DA00981640 /* ArticleDetailsProtocols.swift */ = {isa = PBXFileReference; lastKnownFileType = sourcecode.swift; path = ArticleDetailsProtocols.swift; sourceTree = "<group>"; };
		5B54A52A263011A100981640 /* ArticleDetailsPresenter.swift */ = {isa = PBXFileReference; lastKnownFileType = sourcecode.swift; path = ArticleDetailsPresenter.swift; sourceTree = "<group>"; };
		5B54A52F2630121A00981640 /* ArticleDetailsIntereactor.swift */ = {isa = PBXFileReference; lastKnownFileType = sourcecode.swift; path = ArticleDetailsIntereactor.swift; sourceTree = "<group>"; };
		5B54A543263012F800981640 /* ArticleDetailsRouter.swift */ = {isa = PBXFileReference; lastKnownFileType = sourcecode.swift; path = ArticleDetailsRouter.swift; sourceTree = "<group>"; };
		5B7595B2262DE89700739D9F /* NewsBrief.app */ = {isa = PBXFileReference; explicitFileType = wrapper.application; includeInIndex = 0; path = NewsBrief.app; sourceTree = BUILT_PRODUCTS_DIR; };
		5B7595B5262DE89700739D9F /* AppDelegate.swift */ = {isa = PBXFileReference; lastKnownFileType = sourcecode.swift; path = AppDelegate.swift; sourceTree = "<group>"; };
		5B7595B7262DE89700739D9F /* SceneDelegate.swift */ = {isa = PBXFileReference; lastKnownFileType = sourcecode.swift; path = SceneDelegate.swift; sourceTree = "<group>"; };
		5B7595B9262DE89700739D9F /* ViewController.swift */ = {isa = PBXFileReference; lastKnownFileType = sourcecode.swift; path = ViewController.swift; sourceTree = "<group>"; };
		5B7595BC262DE89700739D9F /* Base */ = {isa = PBXFileReference; lastKnownFileType = file.storyboard; name = Base; path = Base.lproj/Main.storyboard; sourceTree = "<group>"; };
		5B7595BF262DE89700739D9F /* NewsBrief.xcdatamodel */ = {isa = PBXFileReference; lastKnownFileType = wrapper.xcdatamodel; path = NewsBrief.xcdatamodel; sourceTree = "<group>"; };
		5B7595C1262DE89A00739D9F /* Assets.xcassets */ = {isa = PBXFileReference; lastKnownFileType = folder.assetcatalog; path = Assets.xcassets; sourceTree = "<group>"; };
		5B7595C4262DE89A00739D9F /* Base */ = {isa = PBXFileReference; lastKnownFileType = file.storyboard; name = Base; path = Base.lproj/LaunchScreen.storyboard; sourceTree = "<group>"; };
		5B7595C6262DE89A00739D9F /* Info.plist */ = {isa = PBXFileReference; lastKnownFileType = text.plist.xml; path = Info.plist; sourceTree = "<group>"; };
		5B7595CB262DE89A00739D9F /* NewsBriefTests.xctest */ = {isa = PBXFileReference; explicitFileType = wrapper.cfbundle; includeInIndex = 0; path = NewsBriefTests.xctest; sourceTree = BUILT_PRODUCTS_DIR; };
		5B7595CF262DE89A00739D9F /* NewsBriefTests.swift */ = {isa = PBXFileReference; lastKnownFileType = sourcecode.swift; path = NewsBriefTests.swift; sourceTree = "<group>"; };
		5B7595D1262DE89A00739D9F /* Info.plist */ = {isa = PBXFileReference; lastKnownFileType = text.plist.xml; path = Info.plist; sourceTree = "<group>"; };
		5B7595D6262DE89A00739D9F /* NewsBriefUITests.xctest */ = {isa = PBXFileReference; explicitFileType = wrapper.cfbundle; includeInIndex = 0; path = NewsBriefUITests.xctest; sourceTree = BUILT_PRODUCTS_DIR; };
		5B7595DA262DE89A00739D9F /* NewsBriefUITests.swift */ = {isa = PBXFileReference; lastKnownFileType = sourcecode.swift; path = NewsBriefUITests.swift; sourceTree = "<group>"; };
		5B7595DC262DE89A00739D9F /* Info.plist */ = {isa = PBXFileReference; lastKnownFileType = text.plist.xml; path = Info.plist; sourceTree = "<group>"; };
		5B89D494262F2F0600B0B369 /* Article.swift */ = {isa = PBXFileReference; lastKnownFileType = sourcecode.swift; path = Article.swift; sourceTree = "<group>"; };
		5B8F760E262EBAC300A467A8 /* ArticleFileManager.swift */ = {isa = PBXFileReference; lastKnownFileType = sourcecode.swift; path = ArticleFileManager.swift; sourceTree = "<group>"; };
		5BBF1434262E935000A8F0A9 /* ArticleListTableViewController.swift */ = {isa = PBXFileReference; lastKnownFileType = sourcecode.swift; path = ArticleListTableViewController.swift; sourceTree = "<group>"; };
		5BBF1441262E94B100A8F0A9 /* ArticleListRouter.swift */ = {isa = PBXFileReference; lastKnownFileType = sourcecode.swift; path = ArticleListRouter.swift; sourceTree = "<group>"; };
		5BBF144D262E96CB00A8F0A9 /* ArticleListInteractor.swift */ = {isa = PBXFileReference; lastKnownFileType = sourcecode.swift; path = ArticleListInteractor.swift; sourceTree = "<group>"; };
		5BBF1452262E971E00A8F0A9 /* ArticleListProtocols.swift */ = {isa = PBXFileReference; lastKnownFileType = sourcecode.swift; path = ArticleListProtocols.swift; sourceTree = "<group>"; };
		5BBF145F262E979500A8F0A9 /* ArticleListPresenter.swift */ = {isa = PBXFileReference; lastKnownFileType = sourcecode.swift; path = ArticleListPresenter.swift; sourceTree = "<group>"; };
		5BBF1468262E983700A8F0A9 /* Request.swift */ = {isa = PBXFileReference; lastKnownFileType = sourcecode.swift; path = Request.swift; sourceTree = "<group>"; };
		5BBF1471262E986C00A8F0A9 /* Environment.swift */ = {isa = PBXFileReference; lastKnownFileType = sourcecode.swift; path = Environment.swift; sourceTree = "<group>"; };
		5BBF1476262E989100A8F0A9 /* Response.swift */ = {isa = PBXFileReference; lastKnownFileType = sourcecode.swift; path = Response.swift; sourceTree = "<group>"; };
		5BBF147B262E98BA00A8F0A9 /* NetworkDispatcher.swift */ = {isa = PBXFileReference; lastKnownFileType = sourcecode.swift; path = NetworkDispatcher.swift; sourceTree = "<group>"; };
		5BBF1480262E98D400A8F0A9 /* UserRequests.swift */ = {isa = PBXFileReference; lastKnownFileType = sourcecode.swift; path = UserRequests.swift; sourceTree = "<group>"; };
		5BBF1485262E992000A8F0A9 /* GetArticleDetailsTask.swift */ = {isa = PBXFileReference; lastKnownFileType = sourcecode.swift; path = GetArticleDetailsTask.swift; sourceTree = "<group>"; };
		5BBF148A262E997800A8F0A9 /* DownloadAttachmentDataTask.swift */ = {isa = PBXFileReference; lastKnownFileType = sourcecode.swift; path = DownloadAttachmentDataTask.swift; sourceTree = "<group>"; };
		5BBF148F262E999600A8F0A9 /* Task.swift */ = {isa = PBXFileReference; lastKnownFileType = sourcecode.swift; path = Task.swift; sourceTree = "<group>"; };
		5BBF1494262E99C600A8F0A9 /* NetworkReachabilityManager.swift */ = {isa = PBXFileReference; lastKnownFileType = sourcecode.swift; path = NetworkReachabilityManager.swift; sourceTree = "<group>"; };
		5BBF149D262E9BAE00A8F0A9 /* Constants.swift */ = {isa = PBXFileReference; lastKnownFileType = sourcecode.swift; path = Constants.swift; sourceTree = "<group>"; };
		5BBF14A9262E9C0000A8F0A9 /* UIViewController+Extensions.swift */ = {isa = PBXFileReference; lastKnownFileType = sourcecode.swift; path = "UIViewController+Extensions.swift"; sourceTree = "<group>"; };
		5BBF14AE262E9C1F00A8F0A9 /* String+Extension.swift */ = {isa = PBXFileReference; lastKnownFileType = sourcecode.swift; path = "String+Extension.swift"; sourceTree = "<group>"; };
		5BBF14B3262E9C5000A8F0A9 /* LoadingIndicator.swift */ = {isa = PBXFileReference; lastKnownFileType = sourcecode.swift; path = LoadingIndicator.swift; sourceTree = "<group>"; };
		5BBF14B8262E9C7F00A8F0A9 /* UITableView+Extension.swift */ = {isa = PBXFileReference; lastKnownFileType = sourcecode.swift; path = "UITableView+Extension.swift"; sourceTree = "<group>"; };
		5BBF14C0262E9D2D00A8F0A9 /* ArticleModel.swift */ = {isa = PBXFileReference; lastKnownFileType = sourcecode.swift; path = ArticleModel.swift; sourceTree = "<group>"; };
		5BBF14C5262E9D8000A8F0A9 /* Date+Extension.swift */ = {isa = PBXFileReference; lastKnownFileType = sourcecode.swift; path = "Date+Extension.swift"; sourceTree = "<group>"; };
		5BBF14D1262EA86000A8F0A9 /* ArticleListTableViewCell.swift */ = {isa = PBXFileReference; lastKnownFileType = sourcecode.swift; path = ArticleListTableViewCell.swift; sourceTree = "<group>"; };
		5BBF14D2262EA86000A8F0A9 /* ArticleListTableViewCell.xib */ = {isa = PBXFileReference; lastKnownFileType = file.xib; path = ArticleListTableViewCell.xib; sourceTree = "<group>"; };
		5BCA576126304C800052DFC8 /* GetArticleMetaTask.swift */ = {isa = PBXFileReference; lastKnownFileType = sourcecode.swift; path = GetArticleMetaTask.swift; sourceTree = "<group>"; };
		5BCA5766263052280052DFC8 /* ArticleMeta.swift */ = {isa = PBXFileReference; lastKnownFileType = sourcecode.swift; path = ArticleMeta.swift; sourceTree = "<group>"; };
		5BCA576B263071140052DFC8 /* NewsArticle.swift */ = {isa = PBXFileReference; lastKnownFileType = sourcecode.swift; path = NewsArticle.swift; sourceTree = "<group>"; };
		5BCA57732630717D0052DFC8 /* DatabaseManager.swift */ = {isa = PBXFileReference; lastKnownFileType = sourcecode.swift; path = DatabaseManager.swift; sourceTree = "<group>"; };
/* End PBXFileReference section */

/* Begin PBXFrameworksBuildPhase section */
		5B7595AF262DE89700739D9F /* Frameworks */ = {
			isa = PBXFrameworksBuildPhase;
			buildActionMask = 2147483647;
			files = (
			);
			runOnlyForDeploymentPostprocessing = 0;
		};
		5B7595C8262DE89A00739D9F /* Frameworks */ = {
			isa = PBXFrameworksBuildPhase;
			buildActionMask = 2147483647;
			files = (
			);
			runOnlyForDeploymentPostprocessing = 0;
		};
		5B7595D3262DE89A00739D9F /* Frameworks */ = {
			isa = PBXFrameworksBuildPhase;
			buildActionMask = 2147483647;
			files = (
			);
			runOnlyForDeploymentPostprocessing = 0;
		};
/* End PBXFrameworksBuildPhase section */

/* Begin PBXGroup section */
		5B54A4F0262FD14100981640 /* FileManager */ = {
			isa = PBXGroup;
			children = (
				5B8F760E262EBAC300A467A8 /* ArticleFileManager.swift */,
			);
			path = FileManager;
			sourceTree = "<group>";
		};
		5B54A4FB262FD96300981640 /* View */ = {
			isa = PBXGroup;
			children = (
				5B54A4F5262FD95C00981640 /* ArticleDetailTableViewController.xib */,
				5B54A4F4262FD95C00981640 /* ArticleDetailTableViewController.swift */,
				5B54A503262FDA1100981640 /* TitleSubTitleTableViewCell.swift */,
				5B54A50A262FDD0700981640 /* ImageTableViewCell.swift */,
				5B54A511262FDEEA00981640 /* DetailsTableViewCell.swift */,
				5B54A512262FDEEA00981640 /* DetailsTableViewCell.xib */,
				5B54A518262FE27300981640 /* TextTableViewCell.swift */,
				5B54A519262FE27300981640 /* TextTableViewCell.xib */,
				5B54A50B262FDD0700981640 /* ImageTableViewCell.xib */,
				5B54A504262FDA1100981640 /* TitleSubTitleTableViewCell.xib */,
			);
			path = View;
			sourceTree = "<group>";
		};
		5B54A4FF262FD98100981640 /* DetailModule */ = {
			isa = PBXGroup;
			children = (
				5B54A5382630129E00981640 /* Presenter */,
				5B54A53C263012AA00981640 /* Protocols */,
				5B54A5342630129400981640 /* Interactor */,
				5B54A4FB262FD96300981640 /* View */,
				5B54A548263012FD00981640 /* Router */,
			);
			path = DetailModule;
			sourceTree = "<group>";
		};
		5B54A5342630129400981640 /* Interactor */ = {
			isa = PBXGroup;
			children = (
				5B54A52F2630121A00981640 /* ArticleDetailsIntereactor.swift */,
			);
			path = Interactor;
			sourceTree = "<group>";
		};
		5B54A5382630129E00981640 /* Presenter */ = {
			isa = PBXGroup;
			children = (
				5B54A52A263011A100981640 /* ArticleDetailsPresenter.swift */,
			);
			path = Presenter;
			sourceTree = "<group>";
		};
		5B54A53C263012AA00981640 /* Protocols */ = {
			isa = PBXGroup;
			children = (
				5B54A522263010DA00981640 /* ArticleDetailsProtocols.swift */,
			);
			path = Protocols;
			sourceTree = "<group>";
		};
		5B54A548263012FD00981640 /* Router */ = {
			isa = PBXGroup;
			children = (
				5B54A543263012F800981640 /* ArticleDetailsRouter.swift */,
			);
			path = Router;
			sourceTree = "<group>";
		};
		5B7595A9262DE89700739D9F = {
			isa = PBXGroup;
			children = (
				5B7595B4262DE89700739D9F /* NewsBrief */,
				5B7595CE262DE89A00739D9F /* NewsBriefTests */,
				5B7595D9262DE89A00739D9F /* NewsBriefUITests */,
				5B7595B3262DE89700739D9F /* Products */,
			);
			sourceTree = "<group>";
		};
		5B7595B3262DE89700739D9F /* Products */ = {
			isa = PBXGroup;
			children = (
				5B7595B2262DE89700739D9F /* NewsBrief.app */,
				5B7595CB262DE89A00739D9F /* NewsBriefTests.xctest */,
				5B7595D6262DE89A00739D9F /* NewsBriefUITests.xctest */,
			);
			name = Products;
			sourceTree = "<group>";
		};
		5B7595B4262DE89700739D9F /* NewsBrief */ = {
			isa = PBXGroup;
			children = (
				5B7595B5262DE89700739D9F /* AppDelegate.swift */,
				5B7595B7262DE89700739D9F /* SceneDelegate.swift */,
				5BCA57782630721E0052DFC8 /* DatabaseManager */,
				5B54A4F0262FD14100981640 /* FileManager */,
				5BBF14CA262E9E4100A8F0A9 /* Entities */,
				5BBF1499262E99E900A8F0A9 /* ReachabilityManager */,
				5BBF146D262E985000A8F0A9 /* NetworkManager */,
				5BBF143D262E93E900A8F0A9 /* ListModule */,
				5B54A4FF262FD98100981640 /* DetailModule */,
				5BBF14A5262E9BD900A8F0A9 /* Utilities */,
				5B7595BB262DE89700739D9F /* Main.storyboard */,
				5B7595C3262DE89A00739D9F /* LaunchScreen.storyboard */,
				5B7595B9262DE89700739D9F /* ViewController.swift */,
				5B7595C1262DE89A00739D9F /* Assets.xcassets */,
				5B7595C6262DE89A00739D9F /* Info.plist */,
				5B7595BE262DE89700739D9F /* NewsBrief.xcdatamodeld */,
			);
			path = NewsBrief;
			sourceTree = "<group>";
		};
		5B7595CE262DE89A00739D9F /* NewsBriefTests */ = {
			isa = PBXGroup;
			children = (
				5B7595CF262DE89A00739D9F /* NewsBriefTests.swift */,
				5B7595D1262DE89A00739D9F /* Info.plist */,
			);
			path = NewsBriefTests;
			sourceTree = "<group>";
		};
		5B7595D9262DE89A00739D9F /* NewsBriefUITests */ = {
			isa = PBXGroup;
			children = (
				5B7595DA262DE89A00739D9F /* NewsBriefUITests.swift */,
				5B7595DC262DE89A00739D9F /* Info.plist */,
			);
			path = NewsBriefUITests;
			sourceTree = "<group>";
		};
		5BBF1439262E93D900A8F0A9 /* View */ = {
			isa = PBXGroup;
			children = (
				5BBF14D1262EA86000A8F0A9 /* ArticleListTableViewCell.swift */,
				5BBF14D2262EA86000A8F0A9 /* ArticleListTableViewCell.xib */,
				5BBF1434262E935000A8F0A9 /* ArticleListTableViewController.swift */,
			);
			path = View;
			sourceTree = "<group>";
		};
		5BBF143D262E93E900A8F0A9 /* ListModule */ = {
			isa = PBXGroup;
			children = (
				5BBF1464262E979B00A8F0A9 /* Presenter */,
				5BBF1457262E972500A8F0A9 /* Protocols */,
				5BBF145B262E973E00A8F0A9 /* Interactor */,
				5BBF1446262E953500A8F0A9 /* Router */,
				5BBF1439262E93D900A8F0A9 /* View */,
			);
			path = ListModule;
			sourceTree = "<group>";
		};
		5BBF1446262E953500A8F0A9 /* Router */ = {
			isa = PBXGroup;
			children = (
				5BBF1441262E94B100A8F0A9 /* ArticleListRouter.swift */,
			);
			path = Router;
			sourceTree = "<group>";
		};
		5BBF1457262E972500A8F0A9 /* Protocols */ = {
			isa = PBXGroup;
			children = (
				5BBF1452262E971E00A8F0A9 /* ArticleListProtocols.swift */,
			);
			path = Protocols;
			sourceTree = "<group>";
		};
		5BBF145B262E973E00A8F0A9 /* Interactor */ = {
			isa = PBXGroup;
			children = (
				5BBF144D262E96CB00A8F0A9 /* ArticleListInteractor.swift */,
			);
			path = Interactor;
			sourceTree = "<group>";
		};
		5BBF1464262E979B00A8F0A9 /* Presenter */ = {
			isa = PBXGroup;
			children = (
				5BBF145F262E979500A8F0A9 /* ArticleListPresenter.swift */,
			);
			path = Presenter;
			sourceTree = "<group>";
		};
		5BBF146D262E985000A8F0A9 /* NetworkManager */ = {
			isa = PBXGroup;
			children = (
				5BBF1468262E983700A8F0A9 /* Request.swift */,
				5BBF1471262E986C00A8F0A9 /* Environment.swift */,
				5BBF1476262E989100A8F0A9 /* Response.swift */,
				5BBF147B262E98BA00A8F0A9 /* NetworkDispatcher.swift */,
				5BBF1480262E98D400A8F0A9 /* UserRequests.swift */,
				5BBF1485262E992000A8F0A9 /* GetArticleDetailsTask.swift */,
				5BCA576126304C800052DFC8 /* GetArticleMetaTask.swift */,
				5BBF148A262E997800A8F0A9 /* DownloadAttachmentDataTask.swift */,
				5BBF148F262E999600A8F0A9 /* Task.swift */,
			);
			path = NetworkManager;
			sourceTree = "<group>";
		};
		5BBF1499262E99E900A8F0A9 /* ReachabilityManager */ = {
			isa = PBXGroup;
			children = (
				5BBF1494262E99C600A8F0A9 /* NetworkReachabilityManager.swift */,
			);
			path = ReachabilityManager;
			sourceTree = "<group>";
		};
		5BBF14A5262E9BD900A8F0A9 /* Utilities */ = {
			isa = PBXGroup;
			children = (
				5BBF149D262E9BAE00A8F0A9 /* Constants.swift */,
				5BBF14A9262E9C0000A8F0A9 /* UIViewController+Extensions.swift */,
				5BBF14AE262E9C1F00A8F0A9 /* String+Extension.swift */,
				5BBF14B3262E9C5000A8F0A9 /* LoadingIndicator.swift */,
				5BBF14C5262E9D8000A8F0A9 /* Date+Extension.swift */,
				5BBF14B8262E9C7F00A8F0A9 /* UITableView+Extension.swift */,
			);
			path = Utilities;
			sourceTree = "<group>";
		};
		5BBF14CA262E9E4100A8F0A9 /* Entities */ = {
			isa = PBXGroup;
			children = (
				5BBF14C0262E9D2D00A8F0A9 /* ArticleModel.swift */,
				5B89D494262F2F0600B0B369 /* Article.swift */,
				5BCA5766263052280052DFC8 /* ArticleMeta.swift */,
				5BCA576B263071140052DFC8 /* NewsArticle.swift */,
			);
			path = Entities;
			sourceTree = "<group>";
		};
		5BCA57782630721E0052DFC8 /* DatabaseManager */ = {
			isa = PBXGroup;
			children = (
				5BCA57732630717D0052DFC8 /* DatabaseManager.swift */,
			);
			path = DatabaseManager;
			sourceTree = "<group>";
		};
/* End PBXGroup section */

/* Begin PBXNativeTarget section */
		5B7595B1262DE89700739D9F /* NewsBrief */ = {
			isa = PBXNativeTarget;
			buildConfigurationList = 5B7595DF262DE89A00739D9F /* Build configuration list for PBXNativeTarget "NewsBrief" */;
			buildPhases = (
				5B7595AE262DE89700739D9F /* Sources */,
				5B7595AF262DE89700739D9F /* Frameworks */,
				5B7595B0262DE89700739D9F /* Resources */,
			);
			buildRules = (
			);
			dependencies = (
			);
			name = NewsBrief;
			productName = NewsBrief;
			productReference = 5B7595B2262DE89700739D9F /* NewsBrief.app */;
			productType = "com.apple.product-type.application";
		};
		5B7595CA262DE89A00739D9F /* NewsBriefTests */ = {
			isa = PBXNativeTarget;
			buildConfigurationList = 5B7595E2262DE89A00739D9F /* Build configuration list for PBXNativeTarget "NewsBriefTests" */;
			buildPhases = (
				5B7595C7262DE89A00739D9F /* Sources */,
				5B7595C8262DE89A00739D9F /* Frameworks */,
				5B7595C9262DE89A00739D9F /* Resources */,
			);
			buildRules = (
			);
			dependencies = (
				5B7595CD262DE89A00739D9F /* PBXTargetDependency */,
			);
			name = NewsBriefTests;
			productName = NewsBriefTests;
			productReference = 5B7595CB262DE89A00739D9F /* NewsBriefTests.xctest */;
			productType = "com.apple.product-type.bundle.unit-test";
		};
		5B7595D5262DE89A00739D9F /* NewsBriefUITests */ = {
			isa = PBXNativeTarget;
			buildConfigurationList = 5B7595E5262DE89A00739D9F /* Build configuration list for PBXNativeTarget "NewsBriefUITests" */;
			buildPhases = (
				5B7595D2262DE89A00739D9F /* Sources */,
				5B7595D3262DE89A00739D9F /* Frameworks */,
				5B7595D4262DE89A00739D9F /* Resources */,
			);
			buildRules = (
			);
			dependencies = (
				5B7595D8262DE89A00739D9F /* PBXTargetDependency */,
			);
			name = NewsBriefUITests;
			productName = NewsBriefUITests;
			productReference = 5B7595D6262DE89A00739D9F /* NewsBriefUITests.xctest */;
			productType = "com.apple.product-type.bundle.ui-testing";
		};
/* End PBXNativeTarget section */

/* Begin PBXProject section */
		5B7595AA262DE89700739D9F /* Project object */ = {
			isa = PBXProject;
			attributes = {
				LastSwiftUpdateCheck = 1240;
				LastUpgradeCheck = 1240;
				TargetAttributes = {
					5B7595B1262DE89700739D9F = {
						CreatedOnToolsVersion = 12.4;
					};
					5B7595CA262DE89A00739D9F = {
						CreatedOnToolsVersion = 12.4;
						TestTargetID = 5B7595B1262DE89700739D9F;
					};
					5B7595D5262DE89A00739D9F = {
						CreatedOnToolsVersion = 12.4;
						TestTargetID = 5B7595B1262DE89700739D9F;
					};
				};
			};
			buildConfigurationList = 5B7595AD262DE89700739D9F /* Build configuration list for PBXProject "NewsBrief" */;
			compatibilityVersion = "Xcode 9.3";
			developmentRegion = en;
			hasScannedForEncodings = 0;
			knownRegions = (
				en,
				Base,
			);
			mainGroup = 5B7595A9262DE89700739D9F;
			productRefGroup = 5B7595B3262DE89700739D9F /* Products */;
			projectDirPath = "";
			projectRoot = "";
			targets = (
				5B7595B1262DE89700739D9F /* NewsBrief */,
				5B7595CA262DE89A00739D9F /* NewsBriefTests */,
				5B7595D5262DE89A00739D9F /* NewsBriefUITests */,
			);
		};
/* End PBXProject section */

/* Begin PBXResourcesBuildPhase section */
		5B7595B0262DE89700739D9F /* Resources */ = {
			isa = PBXResourcesBuildPhase;
			buildActionMask = 2147483647;
			files = (
				5B54A50D262FDD0700981640 /* ImageTableViewCell.xib in Resources */,
				5B54A4F7262FD95C00981640 /* ArticleDetailTableViewController.xib in Resources */,
				5B54A514262FDEEA00981640 /* DetailsTableViewCell.xib in Resources */,
				5BBF14D4262EA86000A8F0A9 /* ArticleListTableViewCell.xib in Resources */,
				5B7595C5262DE89A00739D9F /* LaunchScreen.storyboard in Resources */,
				5B7595C2262DE89A00739D9F /* Assets.xcassets in Resources */,
				5B54A506262FDA1100981640 /* TitleSubTitleTableViewCell.xib in Resources */,
				5B7595BD262DE89700739D9F /* Main.storyboard in Resources */,
				5B54A51B262FE27300981640 /* TextTableViewCell.xib in Resources */,
			);
			runOnlyForDeploymentPostprocessing = 0;
		};
		5B7595C9262DE89A00739D9F /* Resources */ = {
			isa = PBXResourcesBuildPhase;
			buildActionMask = 2147483647;
			files = (
			);
			runOnlyForDeploymentPostprocessing = 0;
		};
		5B7595D4262DE89A00739D9F /* Resources */ = {
			isa = PBXResourcesBuildPhase;
			buildActionMask = 2147483647;
			files = (
			);
			runOnlyForDeploymentPostprocessing = 0;
		};
/* End PBXResourcesBuildPhase section */

/* Begin PBXSourcesBuildPhase section */
		5B7595AE262DE89700739D9F /* Sources */ = {
			isa = PBXSourcesBuildPhase;
			buildActionMask = 2147483647;
			files = (
				5B89D495262F2F0600B0B369 /* Article.swift in Sources */,
				5BBF14C6262E9D8000A8F0A9 /* Date+Extension.swift in Sources */,
				5B54A52B263011A100981640 /* ArticleDetailsPresenter.swift in Sources */,
				5BBF14B4262E9C5000A8F0A9 /* LoadingIndicator.swift in Sources */,
				5BBF1460262E979500A8F0A9 /* ArticleListPresenter.swift in Sources */,
				5BBF14AF262E9C1F00A8F0A9 /* String+Extension.swift in Sources */,
				5BBF149E262E9BAE00A8F0A9 /* Constants.swift in Sources */,
				5B7595BA262DE89700739D9F /* ViewController.swift in Sources */,
				5BCA5767263052280052DFC8 /* ArticleMeta.swift in Sources */,
				5BBF148B262E997800A8F0A9 /* DownloadAttachmentDataTask.swift in Sources */,
				5B8F760F262EBAC300A467A8 /* ArticleFileManager.swift in Sources */,
				5B7595B6262DE89700739D9F /* AppDelegate.swift in Sources */,
				5BBF1453262E971E00A8F0A9 /* ArticleListProtocols.swift in Sources */,
				5BCA576C263071140052DFC8 /* NewsArticle.swift in Sources */,
				5B54A5302630121A00981640 /* ArticleDetailsIntereactor.swift in Sources */,
				5BBF1477262E989100A8F0A9 /* Response.swift in Sources */,
				5B54A544263012F800981640 /* ArticleDetailsRouter.swift in Sources */,
				5B54A505262FDA1100981640 /* TitleSubTitleTableViewCell.swift in Sources */,
				5B7595B8262DE89700739D9F /* SceneDelegate.swift in Sources */,
				5BBF14C1262E9D2D00A8F0A9 /* ArticleModel.swift in Sources */,
				5B54A523263010DA00981640 /* ArticleDetailsProtocols.swift in Sources */,
				5B54A51A262FE27300981640 /* TextTableViewCell.swift in Sources */,
				5BBF1442262E94B100A8F0A9 /* ArticleListRouter.swift in Sources */,
				5BBF1435262E935000A8F0A9 /* ArticleListTableViewController.swift in Sources */,
				5BBF1481262E98D400A8F0A9 /* UserRequests.swift in Sources */,
				5BBF1495262E99C600A8F0A9 /* NetworkReachabilityManager.swift in Sources */,
				5BBF14D3262EA86000A8F0A9 /* ArticleListTableViewCell.swift in Sources */,
				5BBF14AA262E9C0000A8F0A9 /* UIViewController+Extensions.swift in Sources */,
				5B54A4F6262FD95C00981640 /* ArticleDetailTableViewController.swift in Sources */,
				5BBF1472262E986C00A8F0A9 /* Environment.swift in Sources */,
				5BBF1469262E983700A8F0A9 /* Request.swift in Sources */,
				5BBF14B9262E9C7F00A8F0A9 /* UITableView+Extension.swift in Sources */,
				5BBF144E262E96CB00A8F0A9 /* ArticleListInteractor.swift in Sources */,
				5B7595C0262DE89700739D9F /* NewsBrief.xcdatamodeld in Sources */,
				5B54A50C262FDD0700981640 /* ImageTableViewCell.swift in Sources */,
				5BBF147C262E98BA00A8F0A9 /* NetworkDispatcher.swift in Sources */,
				5BBF1490262E999600A8F0A9 /* Task.swift in Sources */,
				5B54A513262FDEEA00981640 /* DetailsTableViewCell.swift in Sources */,
				5BCA57742630717D0052DFC8 /* DatabaseManager.swift in Sources */,
				5BBF1486262E992000A8F0A9 /* GetArticleDetailsTask.swift in Sources */,
				5BCA576226304C800052DFC8 /* GetArticleMetaTask.swift in Sources */,
			);
			runOnlyForDeploymentPostprocessing = 0;
		};
		5B7595C7262DE89A00739D9F /* Sources */ = {
			isa = PBXSourcesBuildPhase;
			buildActionMask = 2147483647;
			files = (
				5B7595D0262DE89A00739D9F /* NewsBriefTests.swift in Sources */,
			);
			runOnlyForDeploymentPostprocessing = 0;
		};
		5B7595D2262DE89A00739D9F /* Sources */ = {
			isa = PBXSourcesBuildPhase;
			buildActionMask = 2147483647;
			files = (
				5B7595DB262DE89A00739D9F /* NewsBriefUITests.swift in Sources */,
			);
			runOnlyForDeploymentPostprocessing = 0;
		};
/* End PBXSourcesBuildPhase section */

/* Begin PBXTargetDependency section */
		5B7595CD262DE89A00739D9F /* PBXTargetDependency */ = {
			isa = PBXTargetDependency;
			target = 5B7595B1262DE89700739D9F /* NewsBrief */;
			targetProxy = 5B7595CC262DE89A00739D9F /* PBXContainerItemProxy */;
		};
		5B7595D8262DE89A00739D9F /* PBXTargetDependency */ = {
			isa = PBXTargetDependency;
			target = 5B7595B1262DE89700739D9F /* NewsBrief */;
			targetProxy = 5B7595D7262DE89A00739D9F /* PBXContainerItemProxy */;
		};
/* End PBXTargetDependency section */

/* Begin PBXVariantGroup section */
		5B7595BB262DE89700739D9F /* Main.storyboard */ = {
			isa = PBXVariantGroup;
			children = (
				5B7595BC262DE89700739D9F /* Base */,
			);
			name = Main.storyboard;
			sourceTree = "<group>";
		};
		5B7595C3262DE89A00739D9F /* LaunchScreen.storyboard */ = {
			isa = PBXVariantGroup;
			children = (
				5B7595C4262DE89A00739D9F /* Base */,
			);
			name = LaunchScreen.storyboard;
			sourceTree = "<group>";
		};
/* End PBXVariantGroup section */

/* Begin XCBuildConfiguration section */
		5B7595DD262DE89A00739D9F /* Debug */ = {
			isa = XCBuildConfiguration;
			buildSettings = {
				ALWAYS_SEARCH_USER_PATHS = NO;
				CLANG_ANALYZER_NONNULL = YES;
				CLANG_ANALYZER_NUMBER_OBJECT_CONVERSION = YES_AGGRESSIVE;
				CLANG_CXX_LANGUAGE_STANDARD = "gnu++14";
				CLANG_CXX_LIBRARY = "libc++";
				CLANG_ENABLE_MODULES = YES;
				CLANG_ENABLE_OBJC_ARC = YES;
				CLANG_ENABLE_OBJC_WEAK = YES;
				CLANG_WARN_BLOCK_CAPTURE_AUTORELEASING = YES;
				CLANG_WARN_BOOL_CONVERSION = YES;
				CLANG_WARN_COMMA = YES;
				CLANG_WARN_CONSTANT_CONVERSION = YES;
				CLANG_WARN_DEPRECATED_OBJC_IMPLEMENTATIONS = YES;
				CLANG_WARN_DIRECT_OBJC_ISA_USAGE = YES_ERROR;
				CLANG_WARN_DOCUMENTATION_COMMENTS = YES;
				CLANG_WARN_EMPTY_BODY = YES;
				CLANG_WARN_ENUM_CONVERSION = YES;
				CLANG_WARN_INFINITE_RECURSION = YES;
				CLANG_WARN_INT_CONVERSION = YES;
				CLANG_WARN_NON_LITERAL_NULL_CONVERSION = YES;
				CLANG_WARN_OBJC_IMPLICIT_RETAIN_SELF = YES;
				CLANG_WARN_OBJC_LITERAL_CONVERSION = YES;
				CLANG_WARN_OBJC_ROOT_CLASS = YES_ERROR;
				CLANG_WARN_QUOTED_INCLUDE_IN_FRAMEWORK_HEADER = YES;
				CLANG_WARN_RANGE_LOOP_ANALYSIS = YES;
				CLANG_WARN_STRICT_PROTOTYPES = YES;
				CLANG_WARN_SUSPICIOUS_MOVE = YES;
				CLANG_WARN_UNGUARDED_AVAILABILITY = YES_AGGRESSIVE;
				CLANG_WARN_UNREACHABLE_CODE = YES;
				CLANG_WARN__DUPLICATE_METHOD_MATCH = YES;
				COPY_PHASE_STRIP = NO;
				DEBUG_INFORMATION_FORMAT = dwarf;
				ENABLE_STRICT_OBJC_MSGSEND = YES;
				ENABLE_TESTABILITY = YES;
				GCC_C_LANGUAGE_STANDARD = gnu11;
				GCC_DYNAMIC_NO_PIC = NO;
				GCC_NO_COMMON_BLOCKS = YES;
				GCC_OPTIMIZATION_LEVEL = 0;
				GCC_PREPROCESSOR_DEFINITIONS = (
					"DEBUG=1",
					"$(inherited)",
				);
				GCC_WARN_64_TO_32_BIT_CONVERSION = YES;
				GCC_WARN_ABOUT_RETURN_TYPE = YES_ERROR;
				GCC_WARN_UNDECLARED_SELECTOR = YES;
				GCC_WARN_UNINITIALIZED_AUTOS = YES_AGGRESSIVE;
				GCC_WARN_UNUSED_FUNCTION = YES;
				GCC_WARN_UNUSED_VARIABLE = YES;
				IPHONEOS_DEPLOYMENT_TARGET = 14.4;
				MTL_ENABLE_DEBUG_INFO = INCLUDE_SOURCE;
				MTL_FAST_MATH = YES;
				ONLY_ACTIVE_ARCH = YES;
				SDKROOT = iphoneos;
				SWIFT_ACTIVE_COMPILATION_CONDITIONS = DEBUG;
				SWIFT_OPTIMIZATION_LEVEL = "-Onone";
			};
			name = Debug;
		};
		5B7595DE262DE89A00739D9F /* Release */ = {
			isa = XCBuildConfiguration;
			buildSettings = {
				ALWAYS_SEARCH_USER_PATHS = NO;
				CLANG_ANALYZER_NONNULL = YES;
				CLANG_ANALYZER_NUMBER_OBJECT_CONVERSION = YES_AGGRESSIVE;
				CLANG_CXX_LANGUAGE_STANDARD = "gnu++14";
				CLANG_CXX_LIBRARY = "libc++";
				CLANG_ENABLE_MODULES = YES;
				CLANG_ENABLE_OBJC_ARC = YES;
				CLANG_ENABLE_OBJC_WEAK = YES;
				CLANG_WARN_BLOCK_CAPTURE_AUTORELEASING = YES;
				CLANG_WARN_BOOL_CONVERSION = YES;
				CLANG_WARN_COMMA = YES;
				CLANG_WARN_CONSTANT_CONVERSION = YES;
				CLANG_WARN_DEPRECATED_OBJC_IMPLEMENTATIONS = YES;
				CLANG_WARN_DIRECT_OBJC_ISA_USAGE = YES_ERROR;
				CLANG_WARN_DOCUMENTATION_COMMENTS = YES;
				CLANG_WARN_EMPTY_BODY = YES;
				CLANG_WARN_ENUM_CONVERSION = YES;
				CLANG_WARN_INFINITE_RECURSION = YES;
				CLANG_WARN_INT_CONVERSION = YES;
				CLANG_WARN_NON_LITERAL_NULL_CONVERSION = YES;
				CLANG_WARN_OBJC_IMPLICIT_RETAIN_SELF = YES;
				CLANG_WARN_OBJC_LITERAL_CONVERSION = YES;
				CLANG_WARN_OBJC_ROOT_CLASS = YES_ERROR;
				CLANG_WARN_QUOTED_INCLUDE_IN_FRAMEWORK_HEADER = YES;
				CLANG_WARN_RANGE_LOOP_ANALYSIS = YES;
				CLANG_WARN_STRICT_PROTOTYPES = YES;
				CLANG_WARN_SUSPICIOUS_MOVE = YES;
				CLANG_WARN_UNGUARDED_AVAILABILITY = YES_AGGRESSIVE;
				CLANG_WARN_UNREACHABLE_CODE = YES;
				CLANG_WARN__DUPLICATE_METHOD_MATCH = YES;
				COPY_PHASE_STRIP = NO;
				DEBUG_INFORMATION_FORMAT = "dwarf-with-dsym";
				ENABLE_NS_ASSERTIONS = NO;
				ENABLE_STRICT_OBJC_MSGSEND = YES;
				GCC_C_LANGUAGE_STANDARD = gnu11;
				GCC_NO_COMMON_BLOCKS = YES;
				GCC_WARN_64_TO_32_BIT_CONVERSION = YES;
				GCC_WARN_ABOUT_RETURN_TYPE = YES_ERROR;
				GCC_WARN_UNDECLARED_SELECTOR = YES;
				GCC_WARN_UNINITIALIZED_AUTOS = YES_AGGRESSIVE;
				GCC_WARN_UNUSED_FUNCTION = YES;
				GCC_WARN_UNUSED_VARIABLE = YES;
				IPHONEOS_DEPLOYMENT_TARGET = 14.4;
				MTL_ENABLE_DEBUG_INFO = NO;
				MTL_FAST_MATH = YES;
				SDKROOT = iphoneos;
				SWIFT_COMPILATION_MODE = wholemodule;
				SWIFT_OPTIMIZATION_LEVEL = "-O";
				VALIDATE_PRODUCT = YES;
			};
			name = Release;
		};
		5B7595E0262DE89A00739D9F /* Debug */ = {
			isa = XCBuildConfiguration;
			buildSettings = {
				ASSETCATALOG_COMPILER_APPICON_NAME = AppIcon;
				ASSETCATALOG_COMPILER_GLOBAL_ACCENT_COLOR_NAME = AccentColor;
				CODE_SIGN_STYLE = Automatic;
				DEVELOPMENT_TEAM = TYC3G2DP96;
				INFOPLIST_FILE = NewsBrief/Info.plist;
				LD_RUNPATH_SEARCH_PATHS = (
					"$(inherited)",
					"@executable_path/Frameworks",
				);
				PRODUCT_BUNDLE_IDENTIFIER = com.amrit.NewsBrief;
				PRODUCT_NAME = "$(TARGET_NAME)";
				SWIFT_VERSION = 5.0;
				TARGETED_DEVICE_FAMILY = "1,2";
			};
			name = Debug;
		};
		5B7595E1262DE89A00739D9F /* Release */ = {
			isa = XCBuildConfiguration;
			buildSettings = {
				ASSETCATALOG_COMPILER_APPICON_NAME = AppIcon;
				ASSETCATALOG_COMPILER_GLOBAL_ACCENT_COLOR_NAME = AccentColor;
				CODE_SIGN_STYLE = Automatic;
				DEVELOPMENT_TEAM = TYC3G2DP96;
				INFOPLIST_FILE = NewsBrief/Info.plist;
				LD_RUNPATH_SEARCH_PATHS = (
					"$(inherited)",
					"@executable_path/Frameworks",
				);
				PRODUCT_BUNDLE_IDENTIFIER = com.amrit.NewsBrief;
				PRODUCT_NAME = "$(TARGET_NAME)";
				SWIFT_VERSION = 5.0;
				TARGETED_DEVICE_FAMILY = "1,2";
			};
			name = Release;
		};
		5B7595E3262DE89A00739D9F /* Debug */ = {
			isa = XCBuildConfiguration;
			buildSettings = {
				ALWAYS_EMBED_SWIFT_STANDARD_LIBRARIES = YES;
				BUNDLE_LOADER = "$(TEST_HOST)";
				CODE_SIGN_STYLE = Automatic;
				DEVELOPMENT_TEAM = TYC3G2DP96;
				INFOPLIST_FILE = NewsBriefTests/Info.plist;
				IPHONEOS_DEPLOYMENT_TARGET = 14.4;
				LD_RUNPATH_SEARCH_PATHS = (
					"$(inherited)",
					"@executable_path/Frameworks",
					"@loader_path/Frameworks",
				);
				PRODUCT_BUNDLE_IDENTIFIER = com.amrit.NewsBriefTests;
				PRODUCT_NAME = "$(TARGET_NAME)";
				SWIFT_VERSION = 5.0;
				TARGETED_DEVICE_FAMILY = "1,2";
				TEST_HOST = "$(BUILT_PRODUCTS_DIR)/NewsBrief.app/NewsBrief";
			};
			name = Debug;
		};
		5B7595E4262DE89A00739D9F /* Release */ = {
			isa = XCBuildConfiguration;
			buildSettings = {
				ALWAYS_EMBED_SWIFT_STANDARD_LIBRARIES = YES;
				BUNDLE_LOADER = "$(TEST_HOST)";
				CODE_SIGN_STYLE = Automatic;
				DEVELOPMENT_TEAM = TYC3G2DP96;
				INFOPLIST_FILE = NewsBriefTests/Info.plist;
				IPHONEOS_DEPLOYMENT_TARGET = 14.4;
				LD_RUNPATH_SEARCH_PATHS = (
					"$(inherited)",
					"@executable_path/Frameworks",
					"@loader_path/Frameworks",
				);
				PRODUCT_BUNDLE_IDENTIFIER = com.amrit.NewsBriefTests;
				PRODUCT_NAME = "$(TARGET_NAME)";
				SWIFT_VERSION = 5.0;
				TARGETED_DEVICE_FAMILY = "1,2";
				TEST_HOST = "$(BUILT_PRODUCTS_DIR)/NewsBrief.app/NewsBrief";
			};
			name = Release;
		};
		5B7595E6262DE89A00739D9F /* Debug */ = {
			isa = XCBuildConfiguration;
			buildSettings = {
				ALWAYS_EMBED_SWIFT_STANDARD_LIBRARIES = YES;
				CODE_SIGN_STYLE = Automatic;
				DEVELOPMENT_TEAM = TYC3G2DP96;
				INFOPLIST_FILE = NewsBriefUITests/Info.plist;
				LD_RUNPATH_SEARCH_PATHS = (
					"$(inherited)",
					"@executable_path/Frameworks",
					"@loader_path/Frameworks",
				);
				PRODUCT_BUNDLE_IDENTIFIER = com.amrit.NewsBriefUITests;
				PRODUCT_NAME = "$(TARGET_NAME)";
				SWIFT_VERSION = 5.0;
				TARGETED_DEVICE_FAMILY = "1,2";
				TEST_TARGET_NAME = NewsBrief;
			};
			name = Debug;
		};
		5B7595E7262DE89A00739D9F /* Release */ = {
			isa = XCBuildConfiguration;
			buildSettings = {
				ALWAYS_EMBED_SWIFT_STANDARD_LIBRARIES = YES;
				CODE_SIGN_STYLE = Automatic;
				DEVELOPMENT_TEAM = TYC3G2DP96;
				INFOPLIST_FILE = NewsBriefUITests/Info.plist;
				LD_RUNPATH_SEARCH_PATHS = (
					"$(inherited)",
					"@executable_path/Frameworks",
					"@loader_path/Frameworks",
				);
				PRODUCT_BUNDLE_IDENTIFIER = com.amrit.NewsBriefUITests;
				PRODUCT_NAME = "$(TARGET_NAME)";
				SWIFT_VERSION = 5.0;
				TARGETED_DEVICE_FAMILY = "1,2";
				TEST_TARGET_NAME = NewsBrief;
			};
			name = Release;
		};
/* End XCBuildConfiguration section */

/* Begin XCConfigurationList section */
		5B7595AD262DE89700739D9F /* Build configuration list for PBXProject "NewsBrief" */ = {
			isa = XCConfigurationList;
			buildConfigurations = (
				5B7595DD262DE89A00739D9F /* Debug */,
				5B7595DE262DE89A00739D9F /* Release */,
			);
			defaultConfigurationIsVisible = 0;
			defaultConfigurationName = Release;
		};
		5B7595DF262DE89A00739D9F /* Build configuration list for PBXNativeTarget "NewsBrief" */ = {
			isa = XCConfigurationList;
			buildConfigurations = (
				5B7595E0262DE89A00739D9F /* Debug */,
				5B7595E1262DE89A00739D9F /* Release */,
			);
			defaultConfigurationIsVisible = 0;
			defaultConfigurationName = Release;
		};
		5B7595E2262DE89A00739D9F /* Build configuration list for PBXNativeTarget "NewsBriefTests" */ = {
			isa = XCConfigurationList;
			buildConfigurations = (
				5B7595E3262DE89A00739D9F /* Debug */,
				5B7595E4262DE89A00739D9F /* Release */,
			);
			defaultConfigurationIsVisible = 0;
			defaultConfigurationName = Release;
		};
		5B7595E5262DE89A00739D9F /* Build configuration list for PBXNativeTarget "NewsBriefUITests" */ = {
			isa = XCConfigurationList;
			buildConfigurations = (
				5B7595E6262DE89A00739D9F /* Debug */,
				5B7595E7262DE89A00739D9F /* Release */,
			);
			defaultConfigurationIsVisible = 0;
			defaultConfigurationName = Release;
		};
/* End XCConfigurationList section */

/* Begin XCVersionGroup section */
		5B7595BE262DE89700739D9F /* NewsBrief.xcdatamodeld */ = {
			isa = XCVersionGroup;
			children = (
				5B7595BF262DE89700739D9F /* NewsBrief.xcdatamodel */,
			);
			currentVersion = 5B7595BF262DE89700739D9F /* NewsBrief.xcdatamodel */;
			path = NewsBrief.xcdatamodeld;
			sourceTree = "<group>";
			versionGroupType = wrapper.xcdatamodel;
		};
/* End XCVersionGroup section */
	};
	rootObject = 5B7595AA262DE89700739D9F /* Project object */;
}
